<?xml version="1.0" encoding="UTF-8" standalone="yes" ?>
<CodeBlocks_project_file>
	<FileVersion major="1" minor="6" />
	<Project>
		<Option title="TrackDrawer" />
		<Option pch_mode="2" />
		<Option compiler="gcc" />
		<Build>
			<Target title="Debug">
				<Option output="bin/Debug/TrackDrawer" prefix_auto="1" extension_auto="1" />
				<Option working_dir="/home/ja227/Desktop/c++ projects/CoasterTrack/TrackDrawer" />
				<Option object_output="obj/Debug/" />
				<Option type="1" />
				<Option compiler="gcc" />
				<Option parameters="&lt; input/input_tophat.txt" />
				<Compiler>
					<Add option="-w" />
					<Add option="-g" />
				</Compiler>
			</Target>
		</Build>
		<Compiler>
			<Add option="-Wall" />
			<Add directory="/media/UDISK/linux programming/irrlicht/irrlicht-1.7.2/include" />
		</Compiler>
		<Linker>
			<Add library="Irrlicht" />
			<Add library="GL" />
			<Add library="GLU" />
			<Add library="Xxf86vm" />
			<Add directory="/media/UDISK/linux programming/irrlicht/irrlicht-1.7.2/lib/" />
		</Linker>
		<Unit filename="Block.cpp" />
		<Unit filename="Block.h" />
		<Unit filename="Car.cpp" />
		<Unit filename="Car.h" />
		<Unit filename="FullSpline.cpp" />
		<Unit filename="FullSpline.h" />
		<Unit filename="HeadingMatrix.cpp" />
		<Unit filename="HeadingMatrix.h" />
		<Unit filename="MyEventReceiver.h" />
		<Unit filename="Orientation.cpp" />
		<Unit filename="Orientation.h" />
		<Unit filename="PathSpline.cpp" />
		<Unit filename="PathSpline.h" />
		<Unit filename="SkinnyTubeSupportMeshFactory.cpp" />
		<Unit filename="SkinnyTubeSupportMeshFactory.h" />
		<Unit filename="SupportMesh.cpp" />
		<Unit filename="SupportMesh.h" />
		<Unit filename="SupportMeshFactory.cpp" />
		<Unit filename="SupportMeshFactory.h" />
		<Unit filename="Track.cpp" />
		<Unit filename="Track.h" />
		<Unit filename="TrackDrawer.depend" />
		<Unit filename="TrackFactory.cpp" />
		<Unit filename="TrackFactory.h" />
		<Unit filename="TrackFileParser.cpp" />
		<Unit filename="TrackFileParser.h" />
		<Unit filename="TrackMesh.h" />
		<Unit filename="TrackMesh/Factory/CatwalkHandrailMeshFactory.h" />
		<Unit filename="TrackMesh/Factory/CatwalkMeshFactory.cpp" />
		<Unit filename="TrackMesh/Factory/CatwalkMeshFactory.h" />
		<Unit filename="TrackMesh/Factory/CatwalkPlatformMeshFactory.h" />
		<Unit filename="TrackMesh/Factory/ChainliftMeshFactory.cpp" />
		<Unit filename="TrackMesh/Factory/ChainliftMeshFactory.h" />
		<Unit filename="TrackMesh/Factory/HandrailMeshFactory.cpp" />
		<Unit filename="TrackMesh/Factory/HandrailMeshFactory.h" />
		<Unit filename="TrackMesh/Factory/SupportMeshFactory.h" />
		<Unit filename="TrackMesh/Factory/TrackPartMeshFactory.cpp" />
		<Unit filename="TrackMesh/Factory/TrackPartMeshFactory.h" />
		<Unit filename="TrackMesh/Factory/TrackRailMeshFactory.cpp" />
		<Unit filename="TrackMesh/Factory/TrackRailMeshFactory.h" />
		<Unit filename="TrackMesh/Factory/TrackRungMeshFactory.cpp" />
		<Unit filename="TrackMesh/Factory/TrackRungMeshFactory.h" />
		<Unit filename="TrackMesh/Factory/TrackSupportMeshFactory.cpp" />
		<Unit filename="TrackMesh/Factory/TrackSupportMeshFactory.h" />
		<Unit filename="TrackMesh/Pattern/CorkscrewMeshPatternFactory.h" />
		<Unit filename="TrackMesh/Pattern/LadderTrackMeshPatternFactory.h" />
		<Unit filename="TrackMesh/Pattern/PartTypes/RailTypes.h" />
		<Unit filename="TrackMesh/Pattern/RailPatternFactory.cpp" />
		<Unit filename="TrackMesh/Pattern/RailPatternFactory.h" />
		<Unit filename="TrackMesh/Pattern/RungPatternFactory.cpp" />
		<Unit filename="TrackMesh/Pattern/RungPatternFactory.h" />
		<Unit filename="TrackMesh/Pattern/TrackMeshPatternFactory.cpp" />
		<Unit filename="TrackMesh/Pattern/TrackMeshPatternFactory.h" />
		<Unit filename="TrackMesh/Pattern/TrackPartPatternFactory.h" />
		<Unit filename="TrackMesh/TrackMesh.cpp" />
		<Unit filename="TrackMesh/TrackMesh.h" />
		<Unit filename="TrackMesh/TrackMeshFactory.h" />
		<Unit filename="TrackMesh/TrackPartMesh.cpp" />
		<Unit filename="TrackMesh/TrackPartMesh.h" />
		<Unit filename="TrackMesh/TrackPartPattern.cpp" />
		<Unit filename="TrackMesh/TrackPartPattern.h" />
		<Unit filename="TrackMesh/TrackVertex.cpp" />
		<Unit filename="TrackMesh/TrackVertex.h" />
		<Unit filename="TrackOperator.cpp" />
		<Unit filename="TrackOperator.h" />
		<Unit filename="TrackPatterns/CorkscrewTrackMeshPatternFactory.h" />
		<Unit filename="TrackPatterns/LadderTrackMeshPatternFactory.h" />
		<Unit filename="TrackPatterns/TrackMeshPattern.h" />
		<Unit filename="TrackPatterns/TrackMeshPatternFactory.h" />
		<Unit filename="Train.cpp" />
		<Unit filename="Train.h" />
		<Unit filename="TrainFactory.cpp" />
		<Unit filename="TrainFactory.h" />
		<Unit filename="debugclasses/TrackLabeler.cpp" />
		<Unit filename="debugclasses/TrackLabeler.h" />
		<Unit filename="fonts/courier10px.xml" />
		<Unit filename="fonts/courier10px0.png" />
		<Unit filename="irrlicht.h" />
		<Unit filename="meshmain.cpp" />
		<Unit filename="stdinput.txt" />
		<Unit filename="testmain.cpp" />
		<Unit filename="testxml.cpp" />
		<Unit filename="track.xml" />
		<Extensions>
			<code_completion />
			<debugger />
		</Extensions>
	</Project>
</CodeBlocks_project_file>
